// !$*UTF8*$!
{
	archiveVersion = 1;
	classes = {
	};
	objectVersion = 56;
	objects = {

/* Begin PBXBuildFile section */
		B502D4F42B1A34EF0040C729 /* LanguageListView.swift in Sources */ = {isa = PBXBuildFile; fileRef = B502D4F32B1A34EF0040C729 /* LanguageListView.swift */; };
		B502D4F62B1A35150040C729 /* LanguageCellView.swift in Sources */ = {isa = PBXBuildFile; fileRef = B502D4F52B1A35150040C729 /* LanguageCellView.swift */; };
		B502D4FF2B1A74140040C729 /* TranslateLanguageExtension.swift in Sources */ = {isa = PBXBuildFile; fileRef = B502D4FE2B1A74140040C729 /* TranslateLanguageExtension.swift */; };
		B502D5022B1BDA740040C729 /* DownloadStatus.swift in Sources */ = {isa = PBXBuildFile; fileRef = B502D5012B1BDA740040C729 /* DownloadStatus.swift */; };
		B502D5042B1BEFDF0040C729 /* DownloadProgressObservable.swift in Sources */ = {isa = PBXBuildFile; fileRef = B502D5032B1BEFDF0040C729 /* DownloadProgressObservable.swift */; };
		B50B440C2B1903F8003FE18C /* LocalizationOptions.swift in Sources */ = {isa = PBXBuildFile; fileRef = B50B440B2B1903F8003FE18C /* LocalizationOptions.swift */; };
		B53CEE7E2B1F716700575C1A /* MLKitTranslate_resource.bundle in Resources */ = {isa = PBXBuildFile; fileRef = B53CEE7D2B1F716700575C1A /* MLKitTranslate_resource.bundle */; };
		B53CEE972B1F73AA00575C1A /* FBLPromises.framework in Frameworks */ = {isa = PBXBuildFile; fileRef = B53CEE912B1F735700575C1A /* FBLPromises.framework */; platformFilter = ios; };
		B53CEE982B1F73AA00575C1A /* FBLPromises.framework in Embed Frameworks */ = {isa = PBXBuildFile; fileRef = B53CEE912B1F735700575C1A /* FBLPromises.framework */; platformFilter = ios; settings = {ATTRIBUTES = (RemoveHeadersOnCopy, ); }; };
		B53CEE992B1F73AB00575C1A /* GoogleDataTransport.framework in Frameworks */ = {isa = PBXBuildFile; fileRef = B53CEE832B1F72E000575C1A /* GoogleDataTransport.framework */; platformFilter = ios; };
		B53CEE9A2B1F73AB00575C1A /* GoogleDataTransport.framework in Embed Frameworks */ = {isa = PBXBuildFile; fileRef = B53CEE832B1F72E000575C1A /* GoogleDataTransport.framework */; platformFilter = ios; settings = {ATTRIBUTES = (RemoveHeadersOnCopy, ); }; };
		B53CEE9B2B1F73AD00575C1A /* GoogleToolboxForMac.framework in Frameworks */ = {isa = PBXBuildFile; fileRef = B53CEE852B1F72F400575C1A /* GoogleToolboxForMac.framework */; platformFilter = ios; };
		B53CEE9C2B1F73AD00575C1A /* GoogleToolboxForMac.framework in Embed Frameworks */ = {isa = PBXBuildFile; fileRef = B53CEE852B1F72F400575C1A /* GoogleToolboxForMac.framework */; platformFilter = ios; settings = {ATTRIBUTES = (RemoveHeadersOnCopy, ); }; };
		B53CEE9D2B1F73AE00575C1A /* GoogleUtilities.framework in Frameworks */ = {isa = PBXBuildFile; fileRef = B53CEE872B1F72FF00575C1A /* GoogleUtilities.framework */; platformFilter = ios; };
		B53CEE9E2B1F73AE00575C1A /* GoogleUtilities.framework in Embed Frameworks */ = {isa = PBXBuildFile; fileRef = B53CEE872B1F72FF00575C1A /* GoogleUtilities.framework */; platformFilter = ios; settings = {ATTRIBUTES = (RemoveHeadersOnCopy, ); }; };
		B53CEE9F2B1F73B000575C1A /* GoogleUtilitiesComponents.framework in Frameworks */ = {isa = PBXBuildFile; fileRef = B53CEE892B1F730700575C1A /* GoogleUtilitiesComponents.framework */; platformFilter = ios; };
		B53CEEA02B1F73B000575C1A /* GoogleUtilitiesComponents.framework in Embed Frameworks */ = {isa = PBXBuildFile; fileRef = B53CEE892B1F730700575C1A /* GoogleUtilitiesComponents.framework */; platformFilter = ios; settings = {ATTRIBUTES = (RemoveHeadersOnCopy, ); }; };
		B53CEEA12B1F73B100575C1A /* GTMSessionFetcher.framework in Frameworks */ = {isa = PBXBuildFile; fileRef = B53CEE8B2B1F733500575C1A /* GTMSessionFetcher.framework */; platformFilter = ios; };
		B53CEEA22B1F73B100575C1A /* GTMSessionFetcher.framework in Embed Frameworks */ = {isa = PBXBuildFile; fileRef = B53CEE8B2B1F733500575C1A /* GTMSessionFetcher.framework */; platformFilter = ios; settings = {ATTRIBUTES = (RemoveHeadersOnCopy, ); }; };
		B53CEEA32B1F73B300575C1A /* nanopb.framework in Frameworks */ = {isa = PBXBuildFile; fileRef = B53CEE8D2B1F734200575C1A /* nanopb.framework */; platformFilter = ios; };
		B53CEEA42B1F73B300575C1A /* nanopb.framework in Embed Frameworks */ = {isa = PBXBuildFile; fileRef = B53CEE8D2B1F734200575C1A /* nanopb.framework */; platformFilter = ios; settings = {ATTRIBUTES = (RemoveHeadersOnCopy, ); }; };
		B53CEEA52B1F73B600575C1A /* Protobuf.framework in Frameworks */ = {isa = PBXBuildFile; fileRef = B53CEE932B1F736A00575C1A /* Protobuf.framework */; platformFilter = ios; };
		B53CEEA62B1F73B600575C1A /* Protobuf.framework in Embed Frameworks */ = {isa = PBXBuildFile; fileRef = B53CEE932B1F736A00575C1A /* Protobuf.framework */; platformFilter = ios; settings = {ATTRIBUTES = (RemoveHeadersOnCopy, ); }; };
		B53CEEA72B1F73B700575C1A /* SSZipArchive.framework in Frameworks */ = {isa = PBXBuildFile; fileRef = B53CEE952B1F737900575C1A /* SSZipArchive.framework */; platformFilter = ios; };
		B53CEEA82B1F73B700575C1A /* SSZipArchive.framework in Embed Frameworks */ = {isa = PBXBuildFile; fileRef = B53CEE952B1F737900575C1A /* SSZipArchive.framework */; platformFilter = ios; settings = {ATTRIBUTES = (RemoveHeadersOnCopy, ); }; };
		B53CEEA92B1F74CF00575C1A /* Pods_AutoLocalization.framework in Frameworks */ = {isa = PBXBuildFile; fileRef = B53CEE8F2B1F734E00575C1A /* Pods_AutoLocalization.framework */; platformFilter = ios; };
		B53CEEAA2B1F74CF00575C1A /* Pods_AutoLocalization.framework in Embed Frameworks */ = {isa = PBXBuildFile; fileRef = B53CEE8F2B1F734E00575C1A /* Pods_AutoLocalization.framework */; platformFilter = ios; settings = {ATTRIBUTES = (RemoveHeadersOnCopy, ); }; };
		B554ABAF2B17C76000CF3DF0 /* AutoLocalization.swift in Sources */ = {isa = PBXBuildFile; fileRef = B554ABAE2B17C76000CF3DF0 /* AutoLocalization.swift */; };
		B55A88AD2B17C0C700BC4AEE /* AutoLocalization.h in Headers */ = {isa = PBXBuildFile; fileRef = B55A88AC2B17C0C700BC4AEE /* AutoLocalization.h */; settings = {ATTRIBUTES = (Public, ); }; };
		B5EABE0B2B18AA010002B886 /* DetailedTranslator.swift in Sources */ = {isa = PBXBuildFile; fileRef = B5EABE0A2B18AA010002B886 /* DetailedTranslator.swift */; };
		B5EABE0E2B18AD460002B886 /* LanguageManager.swift in Sources */ = {isa = PBXBuildFile; fileRef = B5EABE0D2B18AD460002B886 /* LanguageManager.swift */; };
		B5EABE112B18B62A0002B886 /* DownloadError.swift in Sources */ = {isa = PBXBuildFile; fileRef = B5EABE102B18B62A0002B886 /* DownloadError.swift */; };
		B5EC8FC02B1E20CB0014A1E5 /* UILanguageListView.swift in Sources */ = {isa = PBXBuildFile; fileRef = B5EC8FBF2B1E20CB0014A1E5 /* UILanguageListView.swift */; };
		B5EC8FC22B1EA4480014A1E5 /* UILanguagePickViewController.swift in Sources */ = {isa = PBXBuildFile; fileRef = B5EC8FC12B1EA4480014A1E5 /* UILanguagePickViewController.swift */; };
/* End PBXBuildFile section */

/* Begin PBXCopyFilesBuildPhase section */
		B5EC900C2B1EC9E60014A1E5 /* Embed Frameworks */ = {
			isa = PBXCopyFilesBuildPhase;
			buildActionMask = 2147483647;
			dstPath = "";
			dstSubfolderSpec = 10;
			files = (
				B53CEE9A2B1F73AB00575C1A /* GoogleDataTransport.framework in Embed Frameworks */,
				B53CEE9C2B1F73AD00575C1A /* GoogleToolboxForMac.framework in Embed Frameworks */,
				B53CEEAA2B1F74CF00575C1A /* Pods_AutoLocalization.framework in Embed Frameworks */,
				B53CEEA42B1F73B300575C1A /* nanopb.framework in Embed Frameworks */,
				B53CEE9E2B1F73AE00575C1A /* GoogleUtilities.framework in Embed Frameworks */,
				B53CEEA82B1F73B700575C1A /* SSZipArchive.framework in Embed Frameworks */,
				B53CEEA02B1F73B000575C1A /* GoogleUtilitiesComponents.framework in Embed Frameworks */,
				B53CEEA22B1F73B100575C1A /* GTMSessionFetcher.framework in Embed Frameworks */,
				B53CEE982B1F73AA00575C1A /* FBLPromises.framework in Embed Frameworks */,
				B53CEEA62B1F73B600575C1A /* Protobuf.framework in Embed Frameworks */,
			);
			name = "Embed Frameworks";
			runOnlyForDeploymentPostprocessing = 0;
		};
/* End PBXCopyFilesBuildPhase section */

/* Begin PBXFileReference section */
		1F201A6B6AF6D4C56F3606ED /* Pods-AutoLocalization.release.xcconfig */ = {isa = PBXFileReference; includeInIndex = 1; lastKnownFileType = text.xcconfig; name = "Pods-AutoLocalization.release.xcconfig"; path = "Target Support Files/Pods-AutoLocalization/Pods-AutoLocalization.release.xcconfig"; sourceTree = "<group>"; };
		43F13E5EF6437ACE511A858F /* Pods-AutoLocalization.debug.xcconfig */ = {isa = PBXFileReference; includeInIndex = 1; lastKnownFileType = text.xcconfig; name = "Pods-AutoLocalization.debug.xcconfig"; path = "Target Support Files/Pods-AutoLocalization/Pods-AutoLocalization.debug.xcconfig"; sourceTree = "<group>"; };
		B502D4F32B1A34EF0040C729 /* LanguageListView.swift */ = {isa = PBXFileReference; lastKnownFileType = sourcecode.swift; path = LanguageListView.swift; sourceTree = "<group>"; };
		B502D4F52B1A35150040C729 /* LanguageCellView.swift */ = {isa = PBXFileReference; lastKnownFileType = sourcecode.swift; path = LanguageCellView.swift; sourceTree = "<group>"; };
		B502D4FE2B1A74140040C729 /* TranslateLanguageExtension.swift */ = {isa = PBXFileReference; lastKnownFileType = sourcecode.swift; path = TranslateLanguageExtension.swift; sourceTree = "<group>"; };
		B502D5012B1BDA740040C729 /* DownloadStatus.swift */ = {isa = PBXFileReference; lastKnownFileType = sourcecode.swift; path = DownloadStatus.swift; sourceTree = "<group>"; };
		B502D5032B1BEFDF0040C729 /* DownloadProgressObservable.swift */ = {isa = PBXFileReference; lastKnownFileType = sourcecode.swift; path = DownloadProgressObservable.swift; sourceTree = "<group>"; };
		B50B440B2B1903F8003FE18C /* LocalizationOptions.swift */ = {isa = PBXFileReference; lastKnownFileType = sourcecode.swift; path = LocalizationOptions.swift; sourceTree = "<group>"; };
		B53CEE7D2B1F716700575C1A /* MLKitTranslate_resource.bundle */ = {isa = PBXFileReference; lastKnownFileType = "wrapper.plug-in"; path = MLKitTranslate_resource.bundle; sourceTree = "<group>"; };
		B53CEE832B1F72E000575C1A /* GoogleDataTransport.framework */ = {isa = PBXFileReference; lastKnownFileType = wrapper.framework; path = GoogleDataTransport.framework; sourceTree = "<group>"; };
		B53CEE852B1F72F400575C1A /* GoogleToolboxForMac.framework */ = {isa = PBXFileReference; lastKnownFileType = wrapper.framework; path = GoogleToolboxForMac.framework; sourceTree = "<group>"; };
		B53CEE872B1F72FF00575C1A /* GoogleUtilities.framework */ = {isa = PBXFileReference; lastKnownFileType = wrapper.framework; path = GoogleUtilities.framework; sourceTree = "<group>"; };
		B53CEE892B1F730700575C1A /* GoogleUtilitiesComponents.framework */ = {isa = PBXFileReference; lastKnownFileType = wrapper.framework; path = GoogleUtilitiesComponents.framework; sourceTree = "<group>"; };
		B53CEE8B2B1F733500575C1A /* GTMSessionFetcher.framework */ = {isa = PBXFileReference; lastKnownFileType = wrapper.framework; path = GTMSessionFetcher.framework; sourceTree = "<group>"; };
		B53CEE8D2B1F734200575C1A /* nanopb.framework */ = {isa = PBXFileReference; lastKnownFileType = wrapper.framework; path = nanopb.framework; sourceTree = "<group>"; };
		B53CEE8F2B1F734E00575C1A /* Pods_AutoLocalization.framework */ = {isa = PBXFileReference; lastKnownFileType = wrapper.framework; name = Pods_AutoLocalization.framework; path = "../../../../../Library/Developer/Xcode/DerivedData/AutoLocalization-hbngxioqedmsdxetbtfyjiteqlqd/Build/Products/Debug-iphoneos/Pods_AutoLocalization.framework"; sourceTree = "<group>"; };
		B53CEE912B1F735700575C1A /* FBLPromises.framework */ = {isa = PBXFileReference; lastKnownFileType = wrapper.framework; path = FBLPromises.framework; sourceTree = "<group>"; };
		B53CEE932B1F736A00575C1A /* Protobuf.framework */ = {isa = PBXFileReference; lastKnownFileType = wrapper.framework; path = Protobuf.framework; sourceTree = "<group>"; };
		B53CEE952B1F737900575C1A /* SSZipArchive.framework */ = {isa = PBXFileReference; lastKnownFileType = wrapper.framework; path = SSZipArchive.framework; sourceTree = "<group>"; };
		B554ABAE2B17C76000CF3DF0 /* AutoLocalization.swift */ = {isa = PBXFileReference; lastKnownFileType = sourcecode.swift; path = AutoLocalization.swift; sourceTree = "<group>"; };
		B55A88A92B17C0C700BC4AEE /* AutoLocalization.framework */ = {isa = PBXFileReference; explicitFileType = wrapper.framework; includeInIndex = 0; path = AutoLocalization.framework; sourceTree = BUILT_PRODUCTS_DIR; };
		B55A88AC2B17C0C700BC4AEE /* AutoLocalization.h */ = {isa = PBXFileReference; lastKnownFileType = sourcecode.c.h; path = AutoLocalization.h; sourceTree = "<group>"; };
		B5EABE0A2B18AA010002B886 /* DetailedTranslator.swift */ = {isa = PBXFileReference; lastKnownFileType = sourcecode.swift; path = DetailedTranslator.swift; sourceTree = "<group>"; };
		B5EABE0D2B18AD460002B886 /* LanguageManager.swift */ = {isa = PBXFileReference; lastKnownFileType = sourcecode.swift; path = LanguageManager.swift; sourceTree = "<group>"; };
		B5EABE102B18B62A0002B886 /* DownloadError.swift */ = {isa = PBXFileReference; lastKnownFileType = sourcecode.swift; path = DownloadError.swift; sourceTree = "<group>"; };
		B5EC8FBF2B1E20CB0014A1E5 /* UILanguageListView.swift */ = {isa = PBXFileReference; lastKnownFileType = sourcecode.swift; path = UILanguageListView.swift; sourceTree = "<group>"; };
		B5EC8FC12B1EA4480014A1E5 /* UILanguagePickViewController.swift */ = {isa = PBXFileReference; lastKnownFileType = sourcecode.swift; path = UILanguagePickViewController.swift; sourceTree = "<group>"; };
		C5C13F6615F5DE5EFB5AF9BD /* Pods_AutoLocalization.framework */ = {isa = PBXFileReference; explicitFileType = wrapper.framework; includeInIndex = 0; path = Pods_AutoLocalization.framework; sourceTree = BUILT_PRODUCTS_DIR; };
/* End PBXFileReference section */

/* Begin PBXFrameworksBuildPhase section */
		B55A88A62B17C0C600BC4AEE /* Frameworks */ = {
			isa = PBXFrameworksBuildPhase;
			buildActionMask = 2147483647;
			files = (
				B53CEEA12B1F73B100575C1A /* GTMSessionFetcher.framework in Frameworks */,
				B53CEEA32B1F73B300575C1A /* nanopb.framework in Frameworks */,
				B53CEEA92B1F74CF00575C1A /* Pods_AutoLocalization.framework in Frameworks */,
				B53CEE992B1F73AB00575C1A /* GoogleDataTransport.framework in Frameworks */,
				B53CEEA52B1F73B600575C1A /* Protobuf.framework in Frameworks */,
				B53CEE9F2B1F73B000575C1A /* GoogleUtilitiesComponents.framework in Frameworks */,
				B53CEE972B1F73AA00575C1A /* FBLPromises.framework in Frameworks */,
				B53CEE9B2B1F73AD00575C1A /* GoogleToolboxForMac.framework in Frameworks */,
				B53CEEA72B1F73B700575C1A /* SSZipArchive.framework in Frameworks */,
				B53CEE9D2B1F73AE00575C1A /* GoogleUtilities.framework in Frameworks */,
			);
			runOnlyForDeploymentPostprocessing = 0;
		};
/* End PBXFrameworksBuildPhase section */

/* Begin PBXGroup section */
		162360E9A9FF6FB4ACC5B07D /* Frameworks */ = {
			isa = PBXGroup;
			children = (
				C5C13F6615F5DE5EFB5AF9BD /* Pods_AutoLocalization.framework */,
			);
			name = Frameworks;
			sourceTree = "<group>";
		};
		35DBE79855B68E5701B403CF /* Pods */ = {
			isa = PBXGroup;
			children = (
				43F13E5EF6437ACE511A858F /* Pods-AutoLocalization.debug.xcconfig */,
				1F201A6B6AF6D4C56F3606ED /* Pods-AutoLocalization.release.xcconfig */,
			);
			path = Pods;
			sourceTree = "<group>";
		};
		B502D4F22B1A34C10040C729 /* View */ = {
			isa = PBXGroup;
			children = (
				B502D4F32B1A34EF0040C729 /* LanguageListView.swift */,
				B502D4F52B1A35150040C729 /* LanguageCellView.swift */,
				B5EC8FBF2B1E20CB0014A1E5 /* UILanguageListView.swift */,
				B5EC8FC12B1EA4480014A1E5 /* UILanguagePickViewController.swift */,
			);
			path = View;
			sourceTree = "<group>";
		};
		B502D4FD2B1A74020040C729 /* Extension */ = {
			isa = PBXGroup;
			children = (
				B502D4FE2B1A74140040C729 /* TranslateLanguageExtension.swift */,
			);
			path = Extension;
			sourceTree = "<group>";
		};
		B502D5002B1BDA630040C729 /* Enum */ = {
			isa = PBXGroup;
			children = (
				B502D5012B1BDA740040C729 /* DownloadStatus.swift */,
			);
			path = Enum;
			sourceTree = "<group>";
		};
		B53CEE7C2B1F716700575C1A /* MLKitTranslate */ = {
			isa = PBXGroup;
			children = (
				B53CEE7D2B1F716700575C1A /* MLKitTranslate_resource.bundle */,
			);
			path = MLKitTranslate;
			sourceTree = "<group>";
		};
		B55A889F2B17C0C600BC4AEE = {
			isa = PBXGroup;
			children = (
				B55A88AB2B17C0C700BC4AEE /* AutoLocalization */,
				B55A88AA2B17C0C700BC4AEE /* Products */,
				35DBE79855B68E5701B403CF /* Pods */,
				162360E9A9FF6FB4ACC5B07D /* Frameworks */,
			);
			sourceTree = "<group>";
		};
		B55A88AA2B17C0C700BC4AEE /* Products */ = {
			isa = PBXGroup;
			children = (
				B55A88A92B17C0C700BC4AEE /* AutoLocalization.framework */,
			);
			name = Products;
			sourceTree = "<group>";
		};
		B55A88AB2B17C0C700BC4AEE /* AutoLocalization */ = {
			isa = PBXGroup;
			children = (
				B5EC8FF72B1EC97A0014A1E5 /* Frameworks */,
				B502D5002B1BDA630040C729 /* Enum */,
				B502D4FD2B1A74020040C729 /* Extension */,
				B502D4F22B1A34C10040C729 /* View */,
				B5EABE0C2B18AD1B0002B886 /* Service */,
				B5EABE092B18A9E20002B886 /* Model */,
				B55A88AC2B17C0C700BC4AEE /* AutoLocalization.h */,
				B554ABAE2B17C76000CF3DF0 /* AutoLocalization.swift */,
			);
			path = AutoLocalization;
			sourceTree = "<group>";
		};
		B5EABE092B18A9E20002B886 /* Model */ = {
			isa = PBXGroup;
			children = (
				B5EABE0F2B18B6170002B886 /* Error */,
				B5EABE0A2B18AA010002B886 /* DetailedTranslator.swift */,
				B50B440B2B1903F8003FE18C /* LocalizationOptions.swift */,
				B502D5032B1BEFDF0040C729 /* DownloadProgressObservable.swift */,
			);
			path = Model;
			sourceTree = "<group>";
		};
		B5EABE0C2B18AD1B0002B886 /* Service */ = {
			isa = PBXGroup;
			children = (
				B5EABE0D2B18AD460002B886 /* LanguageManager.swift */,
			);
			path = Service;
			sourceTree = "<group>";
		};
		B5EABE0F2B18B6170002B886 /* Error */ = {
			isa = PBXGroup;
			children = (
				B5EABE102B18B62A0002B886 /* DownloadError.swift */,
			);
			path = Error;
			sourceTree = "<group>";
		};
		B5EC8FF72B1EC97A0014A1E5 /* Frameworks */ = {
			isa = PBXGroup;
			children = (
				B53CEE952B1F737900575C1A /* SSZipArchive.framework */,
				B53CEE832B1F72E000575C1A /* GoogleDataTransport.framework */,
				B53CEE932B1F736A00575C1A /* Protobuf.framework */,
				B53CEE852B1F72F400575C1A /* GoogleToolboxForMac.framework */,
				B53CEE872B1F72FF00575C1A /* GoogleUtilities.framework */,
				B53CEE892B1F730700575C1A /* GoogleUtilitiesComponents.framework */,
				B53CEE8B2B1F733500575C1A /* GTMSessionFetcher.framework */,
				B53CEE8D2B1F734200575C1A /* nanopb.framework */,
				B53CEE8F2B1F734E00575C1A /* Pods_AutoLocalization.framework */,
				B53CEE912B1F735700575C1A /* FBLPromises.framework */,
				B53CEE7C2B1F716700575C1A /* MLKitTranslate */,
			);
			path = Frameworks;
			sourceTree = "<group>";
		};
/* End PBXGroup section */

/* Begin PBXHeadersBuildPhase section */
		B55A88A42B17C0C600BC4AEE /* Headers */ = {
			isa = PBXHeadersBuildPhase;
			buildActionMask = 2147483647;
			files = (
				B55A88AD2B17C0C700BC4AEE /* AutoLocalization.h in Headers */,
			);
			runOnlyForDeploymentPostprocessing = 0;
		};
/* End PBXHeadersBuildPhase section */

/* Begin PBXNativeTarget section */
		B55A88A82B17C0C600BC4AEE /* AutoLocalization */ = {
			isa = PBXNativeTarget;
			buildConfigurationList = B55A88B02B17C0C700BC4AEE /* Build configuration list for PBXNativeTarget "AutoLocalization" */;
			buildPhases = (
				6AD11C9E44DCCDD5B8B62AF9 /* [CP] Check Pods Manifest.lock */,
				B55A88A42B17C0C600BC4AEE /* Headers */,
				B55A88A52B17C0C600BC4AEE /* Sources */,
				B55A88A62B17C0C600BC4AEE /* Frameworks */,
				B55A88A72B17C0C600BC4AEE /* Resources */,
				B5EC900C2B1EC9E60014A1E5 /* Embed Frameworks */,
			);
			buildRules = (
			);
			dependencies = (
			);
			name = AutoLocalization;
			productName = AutoLocalization;
			productReference = B55A88A92B17C0C700BC4AEE /* AutoLocalization.framework */;
			productType = "com.apple.product-type.framework";
		};
/* End PBXNativeTarget section */

/* Begin PBXProject section */
		B55A88A02B17C0C600BC4AEE /* Project object */ = {
			isa = PBXProject;
			attributes = {
				BuildIndependentTargetsInParallel = NO;
				LastUpgradeCheck = 1500;
				TargetAttributes = {
					B55A88A82B17C0C600BC4AEE = {
						CreatedOnToolsVersion = 15.0;
						LastSwiftMigration = 1510;
					};
				};
			};
			buildConfigurationList = B55A88A32B17C0C600BC4AEE /* Build configuration list for PBXProject "AutoLocalization" */;
			compatibilityVersion = "Xcode 14.0";
			developmentRegion = en;
			hasScannedForEncodings = 0;
			knownRegions = (
				en,
				Base,
			);
			mainGroup = B55A889F2B17C0C600BC4AEE;
			productRefGroup = B55A88AA2B17C0C700BC4AEE /* Products */;
			projectDirPath = "";
			projectRoot = "";
			targets = (
				B55A88A82B17C0C600BC4AEE /* AutoLocalization */,
			);
		};
/* End PBXProject section */

/* Begin PBXResourcesBuildPhase section */
		B55A88A72B17C0C600BC4AEE /* Resources */ = {
			isa = PBXResourcesBuildPhase;
			buildActionMask = 2147483647;
			files = (
				B53CEE7E2B1F716700575C1A /* MLKitTranslate_resource.bundle in Resources */,
			);
			runOnlyForDeploymentPostprocessing = 0;
		};
/* End PBXResourcesBuildPhase section */

/* Begin PBXShellScriptBuildPhase section */
		6AD11C9E44DCCDD5B8B62AF9 /* [CP] Check Pods Manifest.lock */ = {
			isa = PBXShellScriptBuildPhase;
			buildActionMask = 2147483647;
			files = (
			);
			inputFileListPaths = (
			);
			inputPaths = (
				"${PODS_PODFILE_DIR_PATH}/Podfile.lock",
				"${PODS_ROOT}/Manifest.lock",
			);
			name = "[CP] Check Pods Manifest.lock";
			outputFileListPaths = (
			);
			outputPaths = (
				"$(DERIVED_FILE_DIR)/Pods-AutoLocalization-checkManifestLockResult.txt",
			);
			runOnlyForDeploymentPostprocessing = 0;
			shellPath = /bin/sh;
			shellScript = "diff \"${PODS_PODFILE_DIR_PATH}/Podfile.lock\" \"${PODS_ROOT}/Manifest.lock\" > /dev/null\nif [ $? != 0 ] ; then\n    # print error to STDERR\n    echo \"error: The sandbox is not in sync with the Podfile.lock. Run 'pod install' or update your CocoaPods installation.\" >&2\n    exit 1\nfi\n# This output is used by Xcode 'outputs' to avoid re-running this script phase.\necho \"SUCCESS\" > \"${SCRIPT_OUTPUT_FILE_0}\"\n";
			showEnvVarsInLog = 0;
		};
/* End PBXShellScriptBuildPhase section */

/* Begin PBXSourcesBuildPhase section */
		B55A88A52B17C0C600BC4AEE /* Sources */ = {
			isa = PBXSourcesBuildPhase;
			buildActionMask = 2147483647;
			files = (
				B50B440C2B1903F8003FE18C /* LocalizationOptions.swift in Sources */,
				B5EC8FC22B1EA4480014A1E5 /* UILanguagePickViewController.swift in Sources */,
				B5EABE112B18B62A0002B886 /* DownloadError.swift in Sources */,
				B502D4F62B1A35150040C729 /* LanguageCellView.swift in Sources */,
				B502D4F42B1A34EF0040C729 /* LanguageListView.swift in Sources */,
				B502D5042B1BEFDF0040C729 /* DownloadProgressObservable.swift in Sources */,
				B502D4FF2B1A74140040C729 /* TranslateLanguageExtension.swift in Sources */,
				B5EABE0E2B18AD460002B886 /* LanguageManager.swift in Sources */,
				B554ABAF2B17C76000CF3DF0 /* AutoLocalization.swift in Sources */,
				B5EABE0B2B18AA010002B886 /* DetailedTranslator.swift in Sources */,
				B502D5022B1BDA740040C729 /* DownloadStatus.swift in Sources */,
				B5EC8FC02B1E20CB0014A1E5 /* UILanguageListView.swift in Sources */,
			);
			runOnlyForDeploymentPostprocessing = 0;
		};
/* End PBXSourcesBuildPhase section */

/* Begin XCBuildConfiguration section */
		B55A88AE2B17C0C700BC4AEE /* Debug */ = {
			isa = XCBuildConfiguration;
			buildSettings = {
				ALWAYS_SEARCH_USER_PATHS = NO;
				ASSETCATALOG_COMPILER_GENERATE_SWIFT_ASSET_SYMBOL_EXTENSIONS = YES;
				CLANG_ANALYZER_NONNULL = YES;
				CLANG_ANALYZER_NUMBER_OBJECT_CONVERSION = YES_AGGRESSIVE;
				CLANG_CXX_LANGUAGE_STANDARD = "gnu++20";
				CLANG_ENABLE_MODULES = YES;
				CLANG_ENABLE_OBJC_ARC = YES;
				CLANG_ENABLE_OBJC_WEAK = YES;
				CLANG_WARN_BLOCK_CAPTURE_AUTORELEASING = YES;
				CLANG_WARN_BOOL_CONVERSION = YES;
				CLANG_WARN_COMMA = YES;
				CLANG_WARN_CONSTANT_CONVERSION = YES;
				CLANG_WARN_DEPRECATED_OBJC_IMPLEMENTATIONS = YES;
				CLANG_WARN_DIRECT_OBJC_ISA_USAGE = YES_ERROR;
				CLANG_WARN_DOCUMENTATION_COMMENTS = YES;
				CLANG_WARN_EMPTY_BODY = YES;
				CLANG_WARN_ENUM_CONVERSION = YES;
				CLANG_WARN_INFINITE_RECURSION = YES;
				CLANG_WARN_INT_CONVERSION = YES;
				CLANG_WARN_NON_LITERAL_NULL_CONVERSION = YES;
				CLANG_WARN_OBJC_IMPLICIT_RETAIN_SELF = YES;
				CLANG_WARN_OBJC_LITERAL_CONVERSION = YES;
				CLANG_WARN_OBJC_ROOT_CLASS = YES_ERROR;
				CLANG_WARN_QUOTED_INCLUDE_IN_FRAMEWORK_HEADER = YES;
				CLANG_WARN_RANGE_LOOP_ANALYSIS = YES;
				CLANG_WARN_STRICT_PROTOTYPES = YES;
				CLANG_WARN_SUSPICIOUS_MOVE = YES;
				CLANG_WARN_UNGUARDED_AVAILABILITY = YES_AGGRESSIVE;
				CLANG_WARN_UNREACHABLE_CODE = YES;
				CLANG_WARN__DUPLICATE_METHOD_MATCH = YES;
				COPY_PHASE_STRIP = NO;
				CURRENT_PROJECT_VERSION = 1;
				DEBUG_INFORMATION_FORMAT = dwarf;
				ENABLE_STRICT_OBJC_MSGSEND = YES;
				ENABLE_TESTABILITY = YES;
				ENABLE_USER_SCRIPT_SANDBOXING = NO;
				GCC_C_LANGUAGE_STANDARD = gnu17;
				GCC_DYNAMIC_NO_PIC = NO;
				GCC_NO_COMMON_BLOCKS = YES;
				GCC_OPTIMIZATION_LEVEL = 0;
				GCC_PREPROCESSOR_DEFINITIONS = (
					"DEBUG=1",
					"$(inherited)",
				);
				GCC_WARN_64_TO_32_BIT_CONVERSION = YES;
				GCC_WARN_ABOUT_RETURN_TYPE = YES_ERROR;
				GCC_WARN_UNDECLARED_SELECTOR = YES;
				GCC_WARN_UNINITIALIZED_AUTOS = YES_AGGRESSIVE;
				GCC_WARN_UNUSED_FUNCTION = YES;
				GCC_WARN_UNUSED_VARIABLE = YES;
				IPHONEOS_DEPLOYMENT_TARGET = 17.0;
				LOCALIZATION_PREFERS_STRING_CATALOGS = YES;
				MTL_ENABLE_DEBUG_INFO = INCLUDE_SOURCE;
				MTL_FAST_MATH = YES;
				ONLY_ACTIVE_ARCH = YES;
				SDKROOT = iphoneos;
				SWIFT_ACTIVE_COMPILATION_CONDITIONS = "DEBUG $(inherited)";
				SWIFT_OPTIMIZATION_LEVEL = "-Onone";
				VALID_ARCHS = "";
				"VALID_ARCHS[arch=*]" = "$(ARCHS_STANDARD)";
				VERSIONING_SYSTEM = "apple-generic";
				VERSION_INFO_PREFIX = "";
			};
			name = Debug;
		};
		B55A88AF2B17C0C700BC4AEE /* Release */ = {
			isa = XCBuildConfiguration;
			buildSettings = {
				ALWAYS_SEARCH_USER_PATHS = NO;
				ASSETCATALOG_COMPILER_GENERATE_SWIFT_ASSET_SYMBOL_EXTENSIONS = YES;
				CLANG_ANALYZER_NONNULL = YES;
				CLANG_ANALYZER_NUMBER_OBJECT_CONVERSION = YES_AGGRESSIVE;
				CLANG_CXX_LANGUAGE_STANDARD = "gnu++20";
				CLANG_ENABLE_MODULES = YES;
				CLANG_ENABLE_OBJC_ARC = YES;
				CLANG_ENABLE_OBJC_WEAK = YES;
				CLANG_WARN_BLOCK_CAPTURE_AUTORELEASING = YES;
				CLANG_WARN_BOOL_CONVERSION = YES;
				CLANG_WARN_COMMA = YES;
				CLANG_WARN_CONSTANT_CONVERSION = YES;
				CLANG_WARN_DEPRECATED_OBJC_IMPLEMENTATIONS = YES;
				CLANG_WARN_DIRECT_OBJC_ISA_USAGE = YES_ERROR;
				CLANG_WARN_DOCUMENTATION_COMMENTS = YES;
				CLANG_WARN_EMPTY_BODY = YES;
				CLANG_WARN_ENUM_CONVERSION = YES;
				CLANG_WARN_INFINITE_RECURSION = YES;
				CLANG_WARN_INT_CONVERSION = YES;
				CLANG_WARN_NON_LITERAL_NULL_CONVERSION = YES;
				CLANG_WARN_OBJC_IMPLICIT_RETAIN_SELF = YES;
				CLANG_WARN_OBJC_LITERAL_CONVERSION = YES;
				CLANG_WARN_OBJC_ROOT_CLASS = YES_ERROR;
				CLANG_WARN_QUOTED_INCLUDE_IN_FRAMEWORK_HEADER = YES;
				CLANG_WARN_RANGE_LOOP_ANALYSIS = YES;
				CLANG_WARN_STRICT_PROTOTYPES = YES;
				CLANG_WARN_SUSPICIOUS_MOVE = YES;
				CLANG_WARN_UNGUARDED_AVAILABILITY = YES_AGGRESSIVE;
				CLANG_WARN_UNREACHABLE_CODE = YES;
				CLANG_WARN__DUPLICATE_METHOD_MATCH = YES;
				COPY_PHASE_STRIP = NO;
				CURRENT_PROJECT_VERSION = 1;
				DEBUG_INFORMATION_FORMAT = "dwarf-with-dsym";
				ENABLE_NS_ASSERTIONS = NO;
				ENABLE_STRICT_OBJC_MSGSEND = YES;
				ENABLE_USER_SCRIPT_SANDBOXING = NO;
				GCC_C_LANGUAGE_STANDARD = gnu17;
				GCC_NO_COMMON_BLOCKS = YES;
				GCC_WARN_64_TO_32_BIT_CONVERSION = YES;
				GCC_WARN_ABOUT_RETURN_TYPE = YES_ERROR;
				GCC_WARN_UNDECLARED_SELECTOR = YES;
				GCC_WARN_UNINITIALIZED_AUTOS = YES_AGGRESSIVE;
				GCC_WARN_UNUSED_FUNCTION = YES;
				GCC_WARN_UNUSED_VARIABLE = YES;
				IPHONEOS_DEPLOYMENT_TARGET = 17.0;
				LOCALIZATION_PREFERS_STRING_CATALOGS = YES;
				MTL_ENABLE_DEBUG_INFO = NO;
				MTL_FAST_MATH = YES;
				ONLY_ACTIVE_ARCH = YES;
				SDKROOT = iphoneos;
				SWIFT_COMPILATION_MODE = wholemodule;
				VALIDATE_PRODUCT = YES;
				VALID_ARCHS = "";
				"VALID_ARCHS[arch=*]" = "$(ARCHS_STANDARD)";
				VERSIONING_SYSTEM = "apple-generic";
				VERSION_INFO_PREFIX = "";
			};
			name = Release;
		};
		B55A88B12B17C0C700BC4AEE /* Debug */ = {
			isa = XCBuildConfiguration;
			baseConfigurationReference = 43F13E5EF6437ACE511A858F /* Pods-AutoLocalization.debug.xcconfig */;
			buildSettings = {
				BUILD_LIBRARY_FOR_DISTRIBUTION = YES;
				CLANG_ENABLE_MODULES = YES;
				CODE_SIGN_STYLE = Automatic;
				CURRENT_PROJECT_VERSION = 1;
				DEFINES_MODULE = YES;
				DEVELOPMENT_TEAM = VNU8KKW4GG;
				DYLIB_COMPATIBILITY_VERSION = 1;
				DYLIB_CURRENT_VERSION = 1;
				DYLIB_INSTALL_NAME_BASE = "@rpath";
				ENABLE_MODULE_VERIFIER = YES;
				"EXCLUDED_ARCHS[sdk=iphonesimulator*]" = arm64;
				FRAMEWORK_SEARCH_PATHS = (
					"$(inherited)",
					"\"${PODS_ROOT}/MLKitCommon/Frameworks\"",
					"\"${PODS_ROOT}/MLKitNaturalLanguage/Frameworks\"",
					"\"${PODS_ROOT}/MLKitTranslate/Frameworks\"",
					"$(PROJECT_DIR)/AutoLocalization/Frameworks",
				);
				GENERATE_INFOPLIST_FILE = YES;
				INFOPLIST_KEY_NSHumanReadableCopyright = "";
				INSTALL_PATH = "$(LOCAL_LIBRARY_DIR)/Frameworks";
				IPHONEOS_DEPLOYMENT_TARGET = 14.0;
				LD_RUNPATH_SEARCH_PATHS = (
					"$(inherited)",
					"@executable_path/Frameworks",
					"@loader_path/Frameworks",
				);
				MARKETING_VERSION = 1.0;
				MODULE_VERIFIER_SUPPORTED_LANGUAGES = "objective-c objective-c++";
				MODULE_VERIFIER_SUPPORTED_LANGUAGE_STANDARDS = "gnu17 gnu++20";
				PRODUCT_BUNDLE_IDENTIFIER = ua.edu.ukma.derkach.AutoLocalization;
				PRODUCT_NAME = "$(TARGET_NAME:c99extidentifier)";
				SKIP_INSTALL = YES;
				SWIFT_EMIT_LOC_STRINGS = YES;
				SWIFT_OPTIMIZATION_LEVEL = "-Onone";
				SWIFT_VERSION = 5.0;
				TARGETED_DEVICE_FAMILY = "1,2";
				"VALID_ARCHS[arch=*]" = "$(ARCHS_STANDARD)";
			};
			name = Debug;
		};
		B55A88B22B17C0C700BC4AEE /* Release */ = {
			isa = XCBuildConfiguration;
			baseConfigurationReference = 1F201A6B6AF6D4C56F3606ED /* Pods-AutoLocalization.release.xcconfig */;
			buildSettings = {
				BUILD_LIBRARY_FOR_DISTRIBUTION = YES;
				CLANG_ENABLE_MODULES = YES;
				CODE_SIGN_STYLE = Automatic;
				CURRENT_PROJECT_VERSION = 1;
				DEFINES_MODULE = YES;
				DEVELOPMENT_TEAM = VNU8KKW4GG;
				DYLIB_COMPATIBILITY_VERSION = 1;
				DYLIB_CURRENT_VERSION = 1;
				DYLIB_INSTALL_NAME_BASE = "@rpath";
				ENABLE_MODULE_VERIFIER = YES;
				"EXCLUDED_ARCHS[sdk=iphonesimulator*]" = arm64;
				FRAMEWORK_SEARCH_PATHS = (
					"$(inherited)",
					"\"${PODS_ROOT}/MLKitCommon/Frameworks\"",
					"\"${PODS_ROOT}/MLKitNaturalLanguage/Frameworks\"",
					"\"${PODS_ROOT}/MLKitTranslate/Frameworks\"",
					"$(PROJECT_DIR)/AutoLocalization/Frameworks",
				);
				GENERATE_INFOPLIST_FILE = YES;
				INFOPLIST_KEY_NSHumanReadableCopyright = "";
				INSTALL_PATH = "$(LOCAL_LIBRARY_DIR)/Frameworks";
				IPHONEOS_DEPLOYMENT_TARGET = 14.0;
				LD_RUNPATH_SEARCH_PATHS = (
					"$(inherited)",
					"@executable_path/Frameworks",
					"@loader_path/Frameworks",
				);
				MARKETING_VERSION = 1.0;
				MODULE_VERIFIER_SUPPORTED_LANGUAGES = "objective-c objective-c++";
				MODULE_VERIFIER_SUPPORTED_LANGUAGE_STANDARDS = "gnu17 gnu++20";
				ONLY_ACTIVE_ARCH = YES;
				PRODUCT_BUNDLE_IDENTIFIER = ua.edu.ukma.derkach.AutoLocalization;
				PRODUCT_NAME = "$(TARGET_NAME:c99extidentifier)";
				SKIP_INSTALL = YES;
				SWIFT_EMIT_LOC_STRINGS = YES;
				SWIFT_VERSION = 5.0;
				TARGETED_DEVICE_FAMILY = "1,2";
				"VALID_ARCHS[arch=*]" = "$(ARCHS_STANDARD)";
			};
			name = Release;
		};
/* End XCBuildConfiguration section */

/* Begin XCConfigurationList section */
		B55A88A32B17C0C600BC4AEE /* Build configuration list for PBXProject "AutoLocalization" */ = {
			isa = XCConfigurationList;
			buildConfigurations = (
				B55A88AE2B17C0C700BC4AEE /* Debug */,
				B55A88AF2B17C0C700BC4AEE /* Release */,
			);
			defaultConfigurationIsVisible = 0;
			defaultConfigurationName = Release;
		};
		B55A88B02B17C0C700BC4AEE /* Build configuration list for PBXNativeTarget "AutoLocalization" */ = {
			isa = XCConfigurationList;
			buildConfigurations = (
				B55A88B12B17C0C700BC4AEE /* Debug */,
				B55A88B22B17C0C700BC4AEE /* Release */,
			);
			defaultConfigurationIsVisible = 0;
			defaultConfigurationName = Release;
		};
/* End XCConfigurationList section */
	};
	rootObject = B55A88A02B17C0C600BC4AEE /* Project object */;
}
